
Microsoft Visual Studio Solution File, Format Version 12.00
# Visual Studio Version 17
VisualStudioVersion = 17.7.34024.191
MinimumVisualStudioVersion = 10.0.40219.1
Project("{FAE04EC0-301F-11D3-BF4B-00C04F79EFBC}") = "RateMyStyle_SOFT050", "RateMyStyle_Tee\RateMyStyle_SOFT050.csproj", "{158D35B4-5415-4A18-9DDC-293A580CF9A4}"
EndProject
Global
	GlobalSection(SolutionConfigurationPlatforms) = preSolution
		Debug|Any CPU = Debug|Any CPU
		Release|Any CPU = Release|Any CPU
	EndGlobalSection
	GlobalSection(ProjectConfigurationPlatforms) = postSolution
		{158D35B4-5415-4A18-9DDC-293A580CF9A4}.Debug|Any CPU.ActiveCfg = Debug|Any CPU
		{158D35B4-5415-4A18-9DDC-293A580CF9A4}.Debug|Any CPU.Build.0 = Debug|Any CPU
		{158D35B4-5415-4A18-9DDC-293A580CF9A4}.Release|Any CPU.ActiveCfg = Release|Any CPU
		{158D35B4-5415-4A18-9DDC-293A580CF9A4}.Release|Any CPU.Build.0 = Release|Any CPU
	EndGlobalSection
	GlobalSection(SolutionProperties) = preSolution
		HideSolutionNode = FALSE
	EndGlobalSection
	GlobalSection(ExtensibilityGlobals) = postSolution
		SolutionGuid = {1FD14169-BA47-45F7-B3BC-AAB75CF0B4C1}
	EndGlobalSection
EndGlobal
